
Microsoft Visual Studio Solution File, Format Version 12.00
# Visual Studio Version 17
VisualStudioVersion = 17.5.002.0
MinimumVisualStudioVersion = 10.0.40219.1
Project("{9A19103F-16F7-4668-BE54-9A1E7A4F7556}") = "ConsoleApp1", "ConsoleApp1.csproj", "{A301215E-FDCC-4765-85D4-C52B76C9CAE6}"
EndProject
Project("{FAE04EC0-301F-11D3-BF4B-00C04F79EFBC}") = "project", "project\project.csproj", "{F25CF196-3C29-457C-B57D-3A6C1DB93C4B}"
EndProject
Global
	GlobalSection(SolutionConfigurationPlatforms) = preSolution
		Debug|Any CPU = Debug|Any CPU
		Release|Any CPU = Release|Any CPU
	EndGlobalSection
	GlobalSection(ProjectConfigurationPlatforms) = postSolution
		{A301215E-FDCC-4765-85D4-C52B76C9CAE6}.Debug|Any CPU.ActiveCfg = Debug|Any CPU
		{A301215E-FDCC-4765-85D4-C52B76C9CAE6}.Debug|Any CPU.Build.0 = Debug|Any CPU
		{A301215E-FDCC-4765-85D4-C52B76C9CAE6}.Release|Any CPU.ActiveCfg = Release|Any CPU
		{A301215E-FDCC-4765-85D4-C52B76C9CAE6}.Release|Any CPU.Build.0 = Release|Any CPU
		{F25CF196-3C29-457C-B57D-3A6C1DB93C4B}.Debug|Any CPU.ActiveCfg = Debug|Any CPU
		{F25CF196-3C29-457C-B57D-3A6C1DB93C4B}.Debug|Any CPU.Build.0 = Debug|Any CPU
		{F25CF196-3C29-457C-B57D-3A6C1DB93C4B}.Release|Any CPU.ActiveCfg = Release|Any CPU
		{F25CF196-3C29-457C-B57D-3A6C1DB93C4B}.Release|Any CPU.Build.0 = Release|Any CPU
	EndGlobalSection
	GlobalSection(SolutionProperties) = preSolution
		HideSolutionNode = FALSE
	EndGlobalSection
	GlobalSection(ExtensibilityGlobals) = postSolution
		SolutionGuid = {0437DBFE-1C9B-4A12-A624-EB9110ACCF4A}
	EndGlobalSection
EndGlobal
